
Microsoft Visual Studio Solution File, Format Version 12.00
# Visual Studio Version 16
VisualStudioVersion = 16.0.30114.128
MinimumVisualStudioVersion = 15.0.26124.0
Project("{6EC3EE1D-3C4E-46DD-8F32-0CC8E7565705}") = "aglet", "src\aglet\aglet.fsproj", "{07EA9586-051D-4E69-9685-3A7956674294}"
EndProject
Project("{2150E333-8FDC-42A3-9474-1A3956D46DE8}") = "SolutionItems", "SolutionItems", "{95D60CD6-468C-443B-A6AA-108474F3D1C7}"
	ProjectSection(SolutionItems) = preProject
		.gitignore = .gitignore
		build.fsx = build.fsx
		fake.cmd = fake.cmd
		global.json = global.json
		paket.dependencies = paket.dependencies
		README.md = README.md
	EndProjectSection
EndProject
Global
	GlobalSection(SolutionConfigurationPlatforms) = preSolution
		Debug|Any CPU = Debug|Any CPU
		Debug|x64 = Debug|x64
		Debug|x86 = Debug|x86
		Release|Any CPU = Release|Any CPU
		Release|x64 = Release|x64
		Release|x86 = Release|x86
	EndGlobalSection
	GlobalSection(ProjectConfigurationPlatforms) = postSolution
		{07EA9586-051D-4E69-9685-3A7956674294}.Debug|Any CPU.ActiveCfg = Debug|Any CPU
		{07EA9586-051D-4E69-9685-3A7956674294}.Debug|Any CPU.Build.0 = Debug|Any CPU
		{07EA9586-051D-4E69-9685-3A7956674294}.Debug|x64.ActiveCfg = Debug|Any CPU
		{07EA9586-051D-4E69-9685-3A7956674294}.Debug|x64.Build.0 = Debug|Any CPU
		{07EA9586-051D-4E69-9685-3A7956674294}.Debug|x86.ActiveCfg = Debug|Any CPU
		{07EA9586-051D-4E69-9685-3A7956674294}.Debug|x86.Build.0 = Debug|Any CPU
		{07EA9586-051D-4E69-9685-3A7956674294}.Release|Any CPU.ActiveCfg = Release|Any CPU
		{07EA9586-051D-4E69-9685-3A7956674294}.Release|Any CPU.Build.0 = Release|Any CPU
		{07EA9586-051D-4E69-9685-3A7956674294}.Release|x64.ActiveCfg = Release|Any CPU
		{07EA9586-051D-4E69-9685-3A7956674294}.Release|x64.Build.0 = Release|Any CPU
		{07EA9586-051D-4E69-9685-3A7956674294}.Release|x86.ActiveCfg = Release|Any CPU
		{07EA9586-051D-4E69-9685-3A7956674294}.Release|x86.Build.0 = Release|Any CPU
	EndGlobalSection
	GlobalSection(SolutionProperties) = preSolution
		HideSolutionNode = FALSE
	EndGlobalSection
	GlobalSection(ExtensibilityGlobals) = postSolution
		SolutionGuid = {390FAB4D-DF2B-4F40-A2EC-EC92B7C7BE6E}
	EndGlobalSection
EndGlobal
